// !$*UTF8*$!
{
	archiveVersion = 1;
	classes = {
	};
	objectVersion = 55;
	objects = {

/* Begin PBXBuildFile section */
		331E551427BACE2B00E7CAFF /* Home.swift in Sources */ = {isa = PBXBuildFile; fileRef = 331E551327BACE2B00E7CAFF /* Home.swift */; };
		331E551627BAD3F800E7CAFF /* Settings.swift in Sources */ = {isa = PBXBuildFile; fileRef = 331E551527BAD3F800E7CAFF /* Settings.swift */; };
		331E551C27BC7FE700E7CAFF /* Inter-Bold.otf in Resources */ = {isa = PBXBuildFile; fileRef = 331E551B27BC7FE600E7CAFF /* Inter-Bold.otf */; };
		337213EF277184E200607EBD /* WSHS_MapsApp.swift in Sources */ = {isa = PBXBuildFile; fileRef = 337213EE277184E200607EBD /* WSHS_MapsApp.swift */; };
		337213F1277184E200607EBD /* ContentView.swift in Sources */ = {isa = PBXBuildFile; fileRef = 337213F0277184E200607EBD /* ContentView.swift */; };
		337213F3277184E600607EBD /* Assets.xcassets in Resources */ = {isa = PBXBuildFile; fileRef = 337213F2277184E600607EBD /* Assets.xcassets */; };
		337213F6277184E600607EBD /* Preview Assets.xcassets in Resources */ = {isa = PBXBuildFile; fileRef = 337213F5277184E600607EBD /* Preview Assets.xcassets */; };
		337213F8277184E600607EBD /* Persistence.swift in Sources */ = {isa = PBXBuildFile; fileRef = 337213F7277184E600607EBD /* Persistence.swift */; };
		337213FB277184E600607EBD /* WSHS_Maps.xcdatamodeld in Sources */ = {isa = PBXBuildFile; fileRef = 337213F9277184E600607EBD /* WSHS_Maps.xcdatamodeld */; };
		337214072772E11800607EBD /* Inter-ExtraBold.otf in Resources */ = {isa = PBXBuildFile; fileRef = 337214052772E11800607EBD /* Inter-ExtraBold.otf */; };
		337214082772E11800607EBD /* Inter-Regular.otf in Resources */ = {isa = PBXBuildFile; fileRef = 337214062772E11800607EBD /* Inter-Regular.otf */; };
		338271FB2884CD7700BD7F06 /* LocationManager.swift in Sources */ = {isa = PBXBuildFile; fileRef = 338271FA2884CD7700BD7F06 /* LocationManager.swift */; };
		33EC77BF28727DF700DCE70C /* API.swift in Sources */ = {isa = PBXBuildFile; fileRef = 33EC77BE28727DF700DCE70C /* API.swift */; };
/* End PBXBuildFile section */

/* Begin PBXFileReference section */
		331E551327BACE2B00E7CAFF /* Home.swift */ = {isa = PBXFileReference; lastKnownFileType = sourcecode.swift; path = Home.swift; sourceTree = "<group>"; };
		331E551527BAD3F800E7CAFF /* Settings.swift */ = {isa = PBXFileReference; lastKnownFileType = sourcecode.swift; path = Settings.swift; sourceTree = "<group>"; };
		331E551B27BC7FE600E7CAFF /* Inter-Bold.otf */ = {isa = PBXFileReference; lastKnownFileType = file; path = "Inter-Bold.otf"; sourceTree = "<group>"; };
		337213EB277184E200607EBD /* WSHS Maps.app */ = {isa = PBXFileReference; explicitFileType = wrapper.application; includeInIndex = 0; path = "WSHS Maps.app"; sourceTree = BUILT_PRODUCTS_DIR; };
		337213EE277184E200607EBD /* WSHS_MapsApp.swift */ = {isa = PBXFileReference; lastKnownFileType = sourcecode.swift; path = WSHS_MapsApp.swift; sourceTree = "<group>"; };
		337213F0277184E200607EBD /* ContentView.swift */ = {isa = PBXFileReference; lastKnownFileType = sourcecode.swift; path = ContentView.swift; sourceTree = "<group>"; };
		337213F2277184E600607EBD /* Assets.xcassets */ = {isa = PBXFileReference; lastKnownFileType = folder.assetcatalog; path = Assets.xcassets; sourceTree = "<group>"; };
		337213F5277184E600607EBD /* Preview Assets.xcassets */ = {isa = PBXFileReference; lastKnownFileType = folder.assetcatalog; path = "Preview Assets.xcassets"; sourceTree = "<group>"; };
		337213F7277184E600607EBD /* Persistence.swift */ = {isa = PBXFileReference; lastKnownFileType = sourcecode.swift; path = Persistence.swift; sourceTree = "<group>"; };
		337213FA277184E600607EBD /* WSHS_Maps.xcdatamodel */ = {isa = PBXFileReference; lastKnownFileType = wrapper.xcdatamodel; path = WSHS_Maps.xcdatamodel; sourceTree = "<group>"; };
		337214052772E11800607EBD /* Inter-ExtraBold.otf */ = {isa = PBXFileReference; lastKnownFileType = file; path = "Inter-ExtraBold.otf"; sourceTree = "<group>"; };
		337214062772E11800607EBD /* Inter-Regular.otf */ = {isa = PBXFileReference; lastKnownFileType = file; path = "Inter-Regular.otf"; sourceTree = "<group>"; };
		3372140927739BCC00607EBD /* WSHS-Maps-Info.plist */ = {isa = PBXFileReference; lastKnownFileType = text.plist; path = "WSHS-Maps-Info.plist"; sourceTree = SOURCE_ROOT; };
		338271FA2884CD7700BD7F06 /* LocationManager.swift */ = {isa = PBXFileReference; lastKnownFileType = sourcecode.swift; path = LocationManager.swift; sourceTree = "<group>"; };
		33EC77BE28727DF700DCE70C /* API.swift */ = {isa = PBXFileReference; lastKnownFileType = sourcecode.swift; path = API.swift; sourceTree = "<group>"; };
/* End PBXFileReference section */

/* Begin PBXFrameworksBuildPhase section */
		337213E8277184E200607EBD /* Frameworks */ = {
			isa = PBXFrameworksBuildPhase;
			buildActionMask = 2147483647;
			files = (
			);
			runOnlyForDeploymentPostprocessing = 0;
		};
/* End PBXFrameworksBuildPhase section */

/* Begin PBXGroup section */
		337213E2277184E200607EBD = {
			isa = PBXGroup;
			children = (
				337213ED277184E200607EBD /* WSHS Maps */,
				337213EC277184E200607EBD /* Products */,
			);
			sourceTree = "<group>";
		};
		337213EC277184E200607EBD /* Products */ = {
			isa = PBXGroup;
			children = (
				337213EB277184E200607EBD /* WSHS Maps.app */,
			);
			name = Products;
			sourceTree = "<group>";
		};
		337213ED277184E200607EBD /* WSHS Maps */ = {
			isa = PBXGroup;
			children = (
				3372140927739BCC00607EBD /* WSHS-Maps-Info.plist */,
				337214042772E05B00607EBD /* font */,
				337213EE277184E200607EBD /* WSHS_MapsApp.swift */,
				337213F0277184E200607EBD /* ContentView.swift */,
				337213F2277184E600607EBD /* Assets.xcassets */,
				337213F7277184E600607EBD /* Persistence.swift */,
				337213F9277184E600607EBD /* WSHS_Maps.xcdatamodeld */,
				337213F4277184E600607EBD /* Preview Content */,
				331E551327BACE2B00E7CAFF /* Home.swift */,
				331E551527BAD3F800E7CAFF /* Settings.swift */,
				33EC77BE28727DF700DCE70C /* API.swift */,
				338271FA2884CD7700BD7F06 /* LocationManager.swift */,
			);
			path = "WSHS Maps";
			sourceTree = "<group>";
		};
		337213F4277184E600607EBD /* Preview Content */ = {
			isa = PBXGroup;
			children = (
				337213F5277184E600607EBD /* Preview Assets.xcassets */,
			);
			path = "Preview Content";
			sourceTree = "<group>";
		};
		337214042772E05B00607EBD /* font */ = {
			isa = PBXGroup;
			children = (
				331E551B27BC7FE600E7CAFF /* Inter-Bold.otf */,
				337214052772E11800607EBD /* Inter-ExtraBold.otf */,
				337214062772E11800607EBD /* Inter-Regular.otf */,
			);
			path = font;
			sourceTree = "<group>";
		};
/* End PBXGroup section */

/* Begin PBXNativeTarget section */
		337213EA277184E200607EBD /* WSHS Maps */ = {
			isa = PBXNativeTarget;
			buildConfigurationList = 337213FE277184E600607EBD /* Build configuration list for PBXNativeTarget "WSHS Maps" */;
			buildPhases = (
				337213E7277184E200607EBD /* Sources */,
				337213E8277184E200607EBD /* Frameworks */,
				337213E9277184E200607EBD /* Resources */,
			);
			buildRules = (
			);
			dependencies = (
			);
			name = "WSHS Maps";
			productName = "WSHS Maps";
			productReference = 337213EB277184E200607EBD /* WSHS Maps.app */;
			productType = "com.apple.product-type.application";
		};
/* End PBXNativeTarget section */

/* Begin PBXProject section */
		337213E3277184E200607EBD /* Project object */ = {
			isa = PBXProject;
			attributes = {
				BuildIndependentTargetsInParallel = 1;
				LastSwiftUpdateCheck = 1320;
				LastUpgradeCheck = 1320;
				TargetAttributes = {
					337213EA277184E200607EBD = {
						CreatedOnToolsVersion = 13.2.1;
					};
				};
			};
			buildConfigurationList = 337213E6277184E200607EBD /* Build configuration list for PBXProject "WSHS Maps" */;
			compatibilityVersion = "Xcode 13.0";
			developmentRegion = en;
			hasScannedForEncodings = 0;
			knownRegions = (
				en,
				Base,
			);
			mainGroup = 337213E2277184E200607EBD;
			productRefGroup = 337213EC277184E200607EBD /* Products */;
			projectDirPath = "";
			projectRoot = "";
			targets = (
				337213EA277184E200607EBD /* WSHS Maps */,
			);
		};
/* End PBXProject section */

/* Begin PBXResourcesBuildPhase section */
		337213E9277184E200607EBD /* Resources */ = {
			isa = PBXResourcesBuildPhase;
			buildActionMask = 2147483647;
			files = (
				337213F6277184E600607EBD /* Preview Assets.xcassets in Resources */,
				331E551C27BC7FE700E7CAFF /* Inter-Bold.otf in Resources */,
				337214082772E11800607EBD /* Inter-Regular.otf in Resources */,
				337213F3277184E600607EBD /* Assets.xcassets in Resources */,
				337214072772E11800607EBD /* Inter-ExtraBold.otf in Resources */,
			);
			runOnlyForDeploymentPostprocessing = 0;
		};
/* End PBXResourcesBuildPhase section */

/* Begin PBXSourcesBuildPhase section */
		337213E7277184E200607EBD /* Sources */ = {
			isa = PBXSourcesBuildPhase;
			buildActionMask = 2147483647;
			files = (
				337213F8277184E600607EBD /* Persistence.swift in Sources */,
				331E551627BAD3F800E7CAFF /* Settings.swift in Sources */,
				337213F1277184E200607EBD /* ContentView.swift in Sources */,
				337213EF277184E200607EBD /* WSHS_MapsApp.swift in Sources */,
				338271FB2884CD7700BD7F06 /* LocationManager.swift in Sources */,
				337213FB277184E600607EBD /* WSHS_Maps.xcdatamodeld in Sources */,
				33EC77BF28727DF700DCE70C /* API.swift in Sources */,
				331E551427BACE2B00E7CAFF /* Home.swift in Sources */,
			);
			runOnlyForDeploymentPostprocessing = 0;
		};
/* End PBXSourcesBuildPhase section */

/* Begin XCBuildConfiguration section */
		337213FC277184E600607EBD /* Debug */ = {
			isa = XCBuildConfiguration;
			buildSettings = {
				ALWAYS_SEARCH_USER_PATHS = NO;
				CLANG_ANALYZER_NONNULL = YES;
				CLANG_ANALYZER_NUMBER_OBJECT_CONVERSION = YES_AGGRESSIVE;
				CLANG_CXX_LANGUAGE_STANDARD = "gnu++17";
				CLANG_CXX_LIBRARY = "libc++";
				CLANG_ENABLE_MODULES = YES;
				CLANG_ENABLE_OBJC_ARC = YES;
				CLANG_ENABLE_OBJC_WEAK = YES;
				CLANG_WARN_BLOCK_CAPTURE_AUTORELEASING = YES;
				CLANG_WARN_BOOL_CONVERSION = YES;
				CLANG_WARN_COMMA = YES;
				CLANG_WARN_CONSTANT_CONVERSION = YES;
				CLANG_WARN_DEPRECATED_OBJC_IMPLEMENTATIONS = YES;
				CLANG_WARN_DIRECT_OBJC_ISA_USAGE = YES_ERROR;
				CLANG_WARN_DOCUMENTATION_COMMENTS = YES;
				CLANG_WARN_EMPTY_BODY = YES;
				CLANG_WARN_ENUM_CONVERSION = YES;
				CLANG_WARN_INFINITE_RECURSION = YES;
				CLANG_WARN_INT_CONVERSION = YES;
				CLANG_WARN_NON_LITERAL_NULL_CONVERSION = YES;
				CLANG_WARN_OBJC_IMPLICIT_RETAIN_SELF = YES;
				CLANG_WARN_OBJC_LITERAL_CONVERSION = YES;
				CLANG_WARN_OBJC_ROOT_CLASS = YES_ERROR;
				CLANG_WARN_QUOTED_INCLUDE_IN_FRAMEWORK_HEADER = YES;
				CLANG_WARN_RANGE_LOOP_ANALYSIS = YES;
				CLANG_WARN_STRICT_PROTOTYPES = YES;
				CLANG_WARN_SUSPICIOUS_MOVE = YES;
				CLANG_WARN_UNGUARDED_AVAILABILITY = YES_AGGRESSIVE;
				CLANG_WARN_UNREACHABLE_CODE = YES;
				CLANG_WARN__DUPLICATE_METHOD_MATCH = YES;
				COPY_PHASE_STRIP = NO;
				DEBUG_INFORMATION_FORMAT = dwarf;
				ENABLE_STRICT_OBJC_MSGSEND = YES;
				ENABLE_TESTABILITY = YES;
				GCC_C_LANGUAGE_STANDARD = gnu11;
				GCC_DYNAMIC_NO_PIC = NO;
				GCC_NO_COMMON_BLOCKS = YES;
				GCC_OPTIMIZATION_LEVEL = 0;
				GCC_PREPROCESSOR_DEFINITIONS = (
					"DEBUG=1",
					"$(inherited)",
				);
				GCC_WARN_64_TO_32_BIT_CONVERSION = YES;
				GCC_WARN_ABOUT_RETURN_TYPE = YES_ERROR;
				GCC_WARN_UNDECLARED_SELECTOR = YES;
				GCC_WARN_UNINITIALIZED_AUTOS = YES_AGGRESSIVE;
				GCC_WARN_UNUSED_FUNCTION = YES;
				GCC_WARN_UNUSED_VARIABLE = YES;
				IPHONEOS_DEPLOYMENT_TARGET = 15.2;
				MTL_ENABLE_DEBUG_INFO = INCLUDE_SOURCE;
				MTL_FAST_MATH = YES;
				ONLY_ACTIVE_ARCH = YES;
				SDKROOT = iphoneos;
				SWIFT_ACTIVE_COMPILATION_CONDITIONS = DEBUG;
				SWIFT_OPTIMIZATION_LEVEL = "-Onone";
			};
			name = Debug;
		};
		337213FD277184E600607EBD /* Release */ = {
			isa = XCBuildConfiguration;
			buildSettings = {
				ALWAYS_SEARCH_USER_PATHS = NO;
				CLANG_ANALYZER_NONNULL = YES;
				CLANG_ANALYZER_NUMBER_OBJECT_CONVERSION = YES_AGGRESSIVE;
				CLANG_CXX_LANGUAGE_STANDARD = "gnu++17";
				CLANG_CXX_LIBRARY = "libc++";
				CLANG_ENABLE_MODULES = YES;
				CLANG_ENABLE_OBJC_ARC = YES;
				CLANG_ENABLE_OBJC_WEAK = YES;
				CLANG_WARN_BLOCK_CAPTURE_AUTORELEASING = YES;
				CLANG_WARN_BOOL_CONVERSION = YES;
				CLANG_WARN_COMMA = YES;
				CLANG_WARN_CONSTANT_CONVERSION = YES;
				CLANG_WARN_DEPRECATED_OBJC_IMPLEMENTATIONS = YES;
				CLANG_WARN_DIRECT_OBJC_ISA_USAGE = YES_ERROR;
				CLANG_WARN_DOCUMENTATION_COMMENTS = YES;
				CLANG_WARN_EMPTY_BODY = YES;
				CLANG_WARN_ENUM_CONVERSION = YES;
				CLANG_WARN_INFINITE_RECURSION = YES;
				CLANG_WARN_INT_CONVERSION = YES;
				CLANG_WARN_NON_LITERAL_NULL_CONVERSION = YES;
				CLANG_WARN_OBJC_IMPLICIT_RETAIN_SELF = YES;
				CLANG_WARN_OBJC_LITERAL_CONVERSION = YES;
				CLANG_WARN_OBJC_ROOT_CLASS = YES_ERROR;
				CLANG_WARN_QUOTED_INCLUDE_IN_FRAMEWORK_HEADER = YES;
				CLANG_WARN_RANGE_LOOP_ANALYSIS = YES;
				CLANG_WARN_STRICT_PROTOTYPES = YES;
				CLANG_WARN_SUSPICIOUS_MOVE = YES;
				CLANG_WARN_UNGUARDED_AVAILABILITY = YES_AGGRESSIVE;
				CLANG_WARN_UNREACHABLE_CODE = YES;
				CLANG_WARN__DUPLICATE_METHOD_MATCH = YES;
				COPY_PHASE_STRIP = NO;
				DEBUG_INFORMATION_FORMAT = "dwarf-with-dsym";
				ENABLE_NS_ASSERTIONS = NO;
				ENABLE_STRICT_OBJC_MSGSEND = YES;
				GCC_C_LANGUAGE_STANDARD = gnu11;
				GCC_NO_COMMON_BLOCKS = YES;
				GCC_WARN_64_TO_32_BIT_CONVERSION = YES;
				GCC_WARN_ABOUT_RETURN_TYPE = YES_ERROR;
				GCC_WARN_UNDECLARED_SELECTOR = YES;
				GCC_WARN_UNINITIALIZED_AUTOS = YES_AGGRESSIVE;
				GCC_WARN_UNUSED_FUNCTION = YES;
				GCC_WARN_UNUSED_VARIABLE = YES;
				IPHONEOS_DEPLOYMENT_TARGET = 15.2;
				MTL_ENABLE_DEBUG_INFO = NO;
				MTL_FAST_MATH = YES;
				SDKROOT = iphoneos;
				SWIFT_COMPILATION_MODE = wholemodule;
				SWIFT_OPTIMIZATION_LEVEL = "-O";
				VALIDATE_PRODUCT = YES;
			};
			name = Release;
		};
		337213FF277184E600607EBD /* Debug */ = {
			isa = XCBuildConfiguration;
			buildSettings = {
				ASSETCATALOG_COMPILER_APPICON_NAME = AppIcon;
				ASSETCATALOG_COMPILER_GLOBAL_ACCENT_COLOR_NAME = AccentColor;
				CODE_SIGN_STYLE = Automatic;
				CURRENT_PROJECT_VERSION = 1;
				DEVELOPMENT_ASSET_PATHS = "\"WSHS Maps/Preview Content\"";
				DEVELOPMENT_TEAM = 7N7A45974Q;
				ENABLE_PREVIEWS = YES;
				GENERATE_INFOPLIST_FILE = YES;
				INFOPLIST_FILE = "WSHS-Maps-Info.plist";
				INFOPLIST_KEY_CFBundleDisplayName = "WSHS Maps";
				INFOPLIST_KEY_NSLocationUsageDescription = "Your location is needed to find where you are in the school.";
				INFOPLIST_KEY_NSLocationWhenInUseUsageDescription = "Your location is needed to find where you are in the school.";
				INFOPLIST_KEY_UIApplicationSceneManifest_Generation = YES;
				INFOPLIST_KEY_UIApplicationSupportsIndirectInputEvents = YES;
				INFOPLIST_KEY_UILaunchScreen_Generation = YES;
				INFOPLIST_KEY_UISupportedInterfaceOrientations = UIInterfaceOrientationPortrait;
				INFOPLIST_KEY_UISupportedInterfaceOrientations_iPad = "UIInterfaceOrientationPortrait UIInterfaceOrientationPortraitUpsideDown UIInterfaceOrientationLandscapeLeft UIInterfaceOrientationLandscapeRight";
				INFOPLIST_KEY_UISupportedInterfaceOrientations_iPhone = "UIInterfaceOrientationPortrait UIInterfaceOrientationLandscapeLeft UIInterfaceOrientationLandscapeRight";
				IPHONEOS_DEPLOYMENT_TARGET = 15.0;
				LD_RUNPATH_SEARCH_PATHS = (
					"$(inherited)",
					"@executable_path/Frameworks",
				);
				MARKETING_VERSION = 1.0;
				PRODUCT_BUNDLE_IDENTIFIER = com.theneuronalcoder.WSHSMaps;
				PRODUCT_NAME = "$(TARGET_NAME)";
				SWIFT_EMIT_LOC_STRINGS = YES;
				SWIFT_VERSION = 5.0;
				TARGETED_DEVICE_FAMILY = 1;
			};
			name = Debug;
		};
		33721400277184E600607EBD /* Release */ = {
			isa = XCBuildConfiguration;
			buildSettings = {
				ASSETCATALOG_COMPILER_APPICON_NAME = AppIcon;
				ASSETCATALOG_COMPILER_GLOBAL_ACCENT_COLOR_NAME = AccentColor;
				CODE_SIGN_STYLE = Automatic;
				CURRENT_PROJECT_VERSION = 1;
				DEVELOPMENT_ASSET_PATHS = "\"WSHS Maps/Preview Content\"";
				DEVELOPMENT_TEAM = 7N7A45974Q;
				ENABLE_PREVIEWS = YES;
				GENERATE_INFOPLIST_FILE = YES;
				INFOPLIST_FILE = "WSHS-Maps-Info.plist";
				INFOPLIST_KEY_CFBundleDisplayName = "WSHS Maps";
				INFOPLIST_KEY_NSLocationUsageDescription = "Your location is needed to find where you are in the school.";
				INFOPLIST_KEY_NSLocationWhenInUseUsageDescription = "Your location is needed to find where you are in the school.";
				INFOPLIST_KEY_UIApplicationSceneManifest_Generation = YES;
				INFOPLIST_KEY_UIApplicationSupportsIndirectInputEvents = YES;
				INFOPLIST_KEY_UILaunchScreen_Generation = YES;
				INFOPLIST_KEY_UISupportedInterfaceOrientations = UIInterfaceOrientationPortrait;
				INFOPLIST_KEY_UISupportedInterfaceOrientations_iPad = "UIInterfaceOrientationPortrait UIInterfaceOrientationPortraitUpsideDown UIInterfaceOrientationLandscapeLeft UIInterfaceOrientationLandscapeRight";
				INFOPLIST_KEY_UISupportedInterfaceOrientations_iPhone = "UIInterfaceOrientationPortrait UIInterfaceOrientationLandscapeLeft UIInterfaceOrientationLandscapeRight";
				IPHONEOS_DEPLOYMENT_TARGET = 15.0;
				LD_RUNPATH_SEARCH_PATHS = (
					"$(inherited)",
					"@executable_path/Frameworks",
				);
				MARKETING_VERSION = 1.0;
				PRODUCT_BUNDLE_IDENTIFIER = com.theneuronalcoder.WSHSMaps;
				PRODUCT_NAME = "$(TARGET_NAME)";
				SWIFT_EMIT_LOC_STRINGS = YES;
				SWIFT_VERSION = 5.0;
				TARGETED_DEVICE_FAMILY = 1;
			};
			name = Release;
		};
/* End XCBuildConfiguration section */

/* Begin XCConfigurationList section */
		337213E6277184E200607EBD /* Build configuration list for PBXProject "WSHS Maps" */ = {
			isa = XCConfigurationList;
			buildConfigurations = (
				337213FC277184E600607EBD /* Debug */,
				337213FD277184E600607EBD /* Release */,
			);
			defaultConfigurationIsVisible = 0;
			defaultConfigurationName = Release;
		};
		337213FE277184E600607EBD /* Build configuration list for PBXNativeTarget "WSHS Maps" */ = {
			isa = XCConfigurationList;
			buildConfigurations = (
				337213FF277184E600607EBD /* Debug */,
				33721400277184E600607EBD /* Release */,
			);
			defaultConfigurationIsVisible = 0;
			defaultConfigurationName = Release;
		};
/* End XCConfigurationList section */

/* Begin XCVersionGroup section */
		337213F9277184E600607EBD /* WSHS_Maps.xcdatamodeld */ = {
			isa = XCVersionGroup;
			children = (
				337213FA277184E600607EBD /* WSHS_Maps.xcdatamodel */,
			);
			currentVersion = 337213FA277184E600607EBD /* WSHS_Maps.xcdatamodel */;
			path = WSHS_Maps.xcdatamodeld;
			sourceTree = "<group>";
			versionGroupType = wrapper.xcdatamodel;
		};
/* End XCVersionGroup section */
	};
	rootObject = 337213E3277184E200607EBD /* Project object */;
}
